
Microsoft Visual Studio Solution File, Format Version 12.00
# Visual Studio Version 17
VisualStudioVersion = 17.14.36221.1 d17.14
MinimumVisualStudioVersion = 10.0.40219.1
Project("{FAE04EC0-301F-11D3-BF4B-00C04F79EFBC}") = "OOP1", "OOP1\OOP1.csproj", "{5CADAAD3-035F-41DA-8823-4F03830DC125}"
EndProject
Global
	GlobalSection(SolutionConfigurationPlatforms) = preSolution
		Debug|Any CPU = Debug|Any CPU
		Release|Any CPU = Release|Any CPU
	EndGlobalSection
	GlobalSection(ProjectConfigurationPlatforms) = postSolution
		{5CADAAD3-035F-41DA-8823-4F03830DC125}.Debug|Any CPU.ActiveCfg = Debug|Any CPU
		{5CADAAD3-035F-41DA-8823-4F03830DC125}.Debug|Any CPU.Build.0 = Debug|Any CPU
		{5CADAAD3-035F-41DA-8823-4F03830DC125}.Release|Any CPU.ActiveCfg = Release|Any CPU
		{5CADAAD3-035F-41DA-8823-4F03830DC125}.Release|Any CPU.Build.0 = Release|Any CPU
	EndGlobalSection
	GlobalSection(SolutionProperties) = preSolution
		HideSolutionNode = FALSE
	EndGlobalSection
	GlobalSection(ExtensibilityGlobals) = postSolution
		SolutionGuid = {189257DB-B9EF-45D2-B93E-BD4101817373}
	EndGlobalSection
EndGlobal
